
Microsoft Visual Studio Solution File, Format Version 12.00
# Visual Studio Version 16
VisualStudioVersion = 16.0.31729.503
MinimumVisualStudioVersion = 10.0.40219.1
Project("{FAE04EC0-301F-11D3-BF4B-00C04F79EFBC}") = "WebApplication4", "WebApplication4\WebApplication4.csproj", "{526A9EF5-F413-45C9-B60B-3E000B594481}"
EndProject
Global
	GlobalSection(SolutionConfigurationPlatforms) = preSolution
		Debug|Any CPU = Debug|Any CPU
		Release|Any CPU = Release|Any CPU
	EndGlobalSection
	GlobalSection(ProjectConfigurationPlatforms) = postSolution
		{526A9EF5-F413-45C9-B60B-3E000B594481}.Debug|Any CPU.ActiveCfg = Debug|Any CPU
		{526A9EF5-F413-45C9-B60B-3E000B594481}.Debug|Any CPU.Build.0 = Debug|Any CPU
		{526A9EF5-F413-45C9-B60B-3E000B594481}.Release|Any CPU.ActiveCfg = Release|Any CPU
		{526A9EF5-F413-45C9-B60B-3E000B594481}.Release|Any CPU.Build.0 = Release|Any CPU
	EndGlobalSection
	GlobalSection(SolutionProperties) = preSolution
		HideSolutionNode = FALSE
	EndGlobalSection
	GlobalSection(ExtensibilityGlobals) = postSolution
		SolutionGuid = {462D98D5-3854-47A5-A3EC-F0FE47C3585D}
	EndGlobalSection
EndGlobal
